
Microsoft Visual Studio Solution File, Format Version 12.00
# Visual Studio Version 17
VisualStudioVersion = 17.0.32112.339
MinimumVisualStudioVersion = 10.0.40219.1
Project("{8BC9CEB8-8B4A-11D0-8D11-00A0C91BC942}") = "HW_1b", "HW_1b\HW_1b.vcxproj", "{B7C4CA7D-56E0-4BCB-9B7F-FD79A37F15EA}"
EndProject
Global
	GlobalSection(SolutionConfigurationPlatforms) = preSolution
		Debug|x64 = Debug|x64
		Debug|x86 = Debug|x86
		Release|x64 = Release|x64
		Release|x86 = Release|x86
	EndGlobalSection
	GlobalSection(ProjectConfigurationPlatforms) = postSolution
		{B7C4CA7D-56E0-4BCB-9B7F-FD79A37F15EA}.Debug|x64.ActiveCfg = Debug|x64
		{B7C4CA7D-56E0-4BCB-9B7F-FD79A37F15EA}.Debug|x64.Build.0 = Debug|x64
		{B7C4CA7D-56E0-4BCB-9B7F-FD79A37F15EA}.Debug|x86.ActiveCfg = Debug|Win32
		{B7C4CA7D-56E0-4BCB-9B7F-FD79A37F15EA}.Debug|x86.Build.0 = Debug|Win32
		{B7C4CA7D-56E0-4BCB-9B7F-FD79A37F15EA}.Release|x64.ActiveCfg = Release|x64
		{B7C4CA7D-56E0-4BCB-9B7F-FD79A37F15EA}.Release|x64.Build.0 = Release|x64
		{B7C4CA7D-56E0-4BCB-9B7F-FD79A37F15EA}.Release|x86.ActiveCfg = Release|Win32
		{B7C4CA7D-56E0-4BCB-9B7F-FD79A37F15EA}.Release|x86.Build.0 = Release|Win32
	EndGlobalSection
	GlobalSection(SolutionProperties) = preSolution
		HideSolutionNode = FALSE
	EndGlobalSection
	GlobalSection(ExtensibilityGlobals) = postSolution
		SolutionGuid = {32ECF1CB-7769-47F8-A01E-3582A8EA16F9}
	EndGlobalSection
EndGlobal
